
Microsoft Visual Studio Solution File, Format Version 12.00
# Visual Studio 15
VisualStudioVersion = 15.0.28307.421
MinimumVisualStudioVersion = 10.0.40219.1
Project("{8BC9CEB8-8B4A-11D0-8D11-00A0C91BC942}") = "eal", "eal.vcxproj", "{8CA8F2FC-4EC5-4B91-BF4C-91E61380068B}"
EndProject
Project("{8BC9CEB8-8B4A-11D0-8D11-00A0C91BC942}") = "injection", "injection.vcxproj", "{F55EC747-D700-47AA-B268-12CC69F24A3D}"
EndProject
Global
	GlobalSection(SolutionConfigurationPlatforms) = preSolution
		Debug|x64 = Debug|x64
		Debug|x86 = Debug|x86
		Release|x64 = Release|x64
		Release|x86 = Release|x86
	EndGlobalSection
	GlobalSection(ProjectConfigurationPlatforms) = postSolution
		{8CA8F2FC-4EC5-4B91-BF4C-91E61380068B}.Debug|x64.ActiveCfg = Debug|x64
		{8CA8F2FC-4EC5-4B91-BF4C-91E61380068B}.Debug|x64.Build.0 = Debug|x64
		{8CA8F2FC-4EC5-4B91-BF4C-91E61380068B}.Debug|x86.ActiveCfg = Debug|Win32
		{8CA8F2FC-4EC5-4B91-BF4C-91E61380068B}.Debug|x86.Build.0 = Debug|Win32
		{8CA8F2FC-4EC5-4B91-BF4C-91E61380068B}.Release|x64.ActiveCfg = Release|x64
		{8CA8F2FC-4EC5-4B91-BF4C-91E61380068B}.Release|x64.Build.0 = Release|x64
		{8CA8F2FC-4EC5-4B91-BF4C-91E61380068B}.Release|x86.ActiveCfg = Release|Win32
		{8CA8F2FC-4EC5-4B91-BF4C-91E61380068B}.Release|x86.Build.0 = Release|Win32
		{F55EC747-D700-47AA-B268-12CC69F24A3D}.Debug|x64.ActiveCfg = Debug|x64
		{F55EC747-D700-47AA-B268-12CC69F24A3D}.Debug|x64.Build.0 = Debug|x64
		{F55EC747-D700-47AA-B268-12CC69F24A3D}.Debug|x86.ActiveCfg = Debug|Win32
		{F55EC747-D700-47AA-B268-12CC69F24A3D}.Debug|x86.Build.0 = Debug|Win32
		{F55EC747-D700-47AA-B268-12CC69F24A3D}.Release|x64.ActiveCfg = Release|x64
		{F55EC747-D700-47AA-B268-12CC69F24A3D}.Release|x64.Build.0 = Release|x64
		{F55EC747-D700-47AA-B268-12CC69F24A3D}.Release|x86.ActiveCfg = Release|Win32
		{F55EC747-D700-47AA-B268-12CC69F24A3D}.Release|x86.Build.0 = Release|Win32
	EndGlobalSection
	GlobalSection(SolutionProperties) = preSolution
		HideSolutionNode = FALSE
	EndGlobalSection
	GlobalSection(ExtensibilityGlobals) = postSolution
		SolutionGuid = {A235E31A-4F46-4C9D-B024-730A0C1E5616}
	EndGlobalSection
EndGlobal
